
Microsoft Visual Studio Solution File, Format Version 12.00
# Visual Studio Version 17
VisualStudioVersion = 17.10.35027.167
MinimumVisualStudioVersion = 10.0.40219.1
Project("{FAE04EC0-301F-11D3-BF4B-00C04F79EFBC}") = "C#_Assignment_linq", "C#_Assignment_linq\C#_Assignment_linq.csproj", "{DA0FCB77-706A-4B47-941B-CAAC582DAE9C}"
EndProject
Global
	GlobalSection(SolutionConfigurationPlatforms) = preSolution
		Debug|Any CPU = Debug|Any CPU
		Release|Any CPU = Release|Any CPU
	EndGlobalSection
	GlobalSection(ProjectConfigurationPlatforms) = postSolution
		{DA0FCB77-706A-4B47-941B-CAAC582DAE9C}.Debug|Any CPU.ActiveCfg = Debug|Any CPU
		{DA0FCB77-706A-4B47-941B-CAAC582DAE9C}.Debug|Any CPU.Build.0 = Debug|Any CPU
		{DA0FCB77-706A-4B47-941B-CAAC582DAE9C}.Release|Any CPU.ActiveCfg = Release|Any CPU
		{DA0FCB77-706A-4B47-941B-CAAC582DAE9C}.Release|Any CPU.Build.0 = Release|Any CPU
	EndGlobalSection
	GlobalSection(SolutionProperties) = preSolution
		HideSolutionNode = FALSE
	EndGlobalSection
	GlobalSection(ExtensibilityGlobals) = postSolution
		SolutionGuid = {C9A6E682-9E1B-4CFF-815A-381252568CDF}
	EndGlobalSection
EndGlobal
