
Microsoft Visual Studio Solution File, Format Version 12.00
# Visual Studio Version 17
VisualStudioVersion = 17.10.35013.160
MinimumVisualStudioVersion = 10.0.40219.1
Project("{FAE04EC0-301F-11D3-BF4B-00C04F79EFBC}") = "Assignment3", "Assignment3.csproj", "{C7917AC7-F14B-4214-95C9-ECD36A881545}"
EndProject
Global
	GlobalSection(SolutionConfigurationPlatforms) = preSolution
		Debug|Any CPU = Debug|Any CPU
		Release|Any CPU = Release|Any CPU
	EndGlobalSection
	GlobalSection(ProjectConfigurationPlatforms) = postSolution
		{C7917AC7-F14B-4214-95C9-ECD36A881545}.Debug|Any CPU.ActiveCfg = Debug|Any CPU
		{C7917AC7-F14B-4214-95C9-ECD36A881545}.Debug|Any CPU.Build.0 = Debug|Any CPU
		{C7917AC7-F14B-4214-95C9-ECD36A881545}.Release|Any CPU.ActiveCfg = Release|Any CPU
		{C7917AC7-F14B-4214-95C9-ECD36A881545}.Release|Any CPU.Build.0 = Release|Any CPU
	EndGlobalSection
	GlobalSection(SolutionProperties) = preSolution
		HideSolutionNode = FALSE
	EndGlobalSection
	GlobalSection(ExtensibilityGlobals) = postSolution
		SolutionGuid = {D6642038-0F16-4C57-B3CF-2081914223F1}
	EndGlobalSection
EndGlobal
