
Microsoft Visual Studio Solution File, Format Version 12.00
# Visual Studio Version 17
VisualStudioVersion = 17.10.35013.160
MinimumVisualStudioVersion = 10.0.40219.1
Project("{FAE04EC0-301F-11D3-BF4B-00C04F79EFBC}") = "3.Constructor_Assingment", "3.Constructor_Assingment.csproj", "{6CEFFA75-CF4E-4B65-BE97-6BCB926C0CE2}"
EndProject
Global
	GlobalSection(SolutionConfigurationPlatforms) = preSolution
		Debug|Any CPU = Debug|Any CPU
		Release|Any CPU = Release|Any CPU
	EndGlobalSection
	GlobalSection(ProjectConfigurationPlatforms) = postSolution
		{6CEFFA75-CF4E-4B65-BE97-6BCB926C0CE2}.Debug|Any CPU.ActiveCfg = Debug|Any CPU
		{6CEFFA75-CF4E-4B65-BE97-6BCB926C0CE2}.Debug|Any CPU.Build.0 = Debug|Any CPU
		{6CEFFA75-CF4E-4B65-BE97-6BCB926C0CE2}.Release|Any CPU.ActiveCfg = Release|Any CPU
		{6CEFFA75-CF4E-4B65-BE97-6BCB926C0CE2}.Release|Any CPU.Build.0 = Release|Any CPU
	EndGlobalSection
	GlobalSection(SolutionProperties) = preSolution
		HideSolutionNode = FALSE
	EndGlobalSection
	GlobalSection(ExtensibilityGlobals) = postSolution
		SolutionGuid = {46E3DCB8-682F-4BAC-B7F3-7B2B4C16C188}
	EndGlobalSection
EndGlobal
